
Microsoft Visual Studio Solution File, Format Version 12.00
# Visual Studio Version 16
VisualStudioVersion = 16.0.29519.181
MinimumVisualStudioVersion = 10.0.40219.1
Project("{8BC9CEB8-8B4A-11D0-8D11-00A0C91BC942}") = "Laba1_OOP", "Laba1_OOP\Laba1_OOP.vcxproj", "{A92E1C60-490E-49B7-A6CF-A8167B97A4AA}"
EndProject
Project("{8BC9CEB8-8B4A-11D0-8D11-00A0C91BC942}") = "LabWork4", "LabWork4\LabWork4.vcxproj", "{F8DF2F18-7F8B-42DC-9CA4-1B4FC200F453}"
	ProjectSection(ProjectDependencies) = postProject
		{E9CD490C-F26F-476A-A797-37BD5E367818} = {E9CD490C-F26F-476A-A797-37BD5E367818}
	EndProjectSection
EndProject
Project("{8BC9CEB8-8B4A-11D0-8D11-00A0C91BC942}") = "HelperLib", "HelperLib\HelperLib.vcxproj", "{E9CD490C-F26F-476A-A797-37BD5E367818}"
EndProject
Project("{8BC9CEB8-8B4A-11D0-8D11-00A0C91BC942}") = "LabWork5", "LabWork5\LabWork5.vcxproj", "{0C7F5A6C-1955-4BD0-99FC-047C3E38AB07}"
EndProject
Project("{8BC9CEB8-8B4A-11D0-8D11-00A0C91BC942}") = "LabWork6", "LabWork6\LabWork6.vcxproj", "{C56AF520-5F15-4A50-879D-9F92F779C44B}"
EndProject
Global
	GlobalSection(SolutionConfigurationPlatforms) = preSolution
		Debug|x64 = Debug|x64
		Debug|x86 = Debug|x86
		Release|x64 = Release|x64
		Release|x86 = Release|x86
	EndGlobalSection
	GlobalSection(ProjectConfigurationPlatforms) = postSolution
		{A92E1C60-490E-49B7-A6CF-A8167B97A4AA}.Debug|x64.ActiveCfg = Debug|x64
		{A92E1C60-490E-49B7-A6CF-A8167B97A4AA}.Debug|x64.Build.0 = Debug|x64
		{A92E1C60-490E-49B7-A6CF-A8167B97A4AA}.Debug|x86.ActiveCfg = Debug|Win32
		{A92E1C60-490E-49B7-A6CF-A8167B97A4AA}.Debug|x86.Build.0 = Debug|Win32
		{A92E1C60-490E-49B7-A6CF-A8167B97A4AA}.Release|x64.ActiveCfg = Release|x64
		{A92E1C60-490E-49B7-A6CF-A8167B97A4AA}.Release|x64.Build.0 = Release|x64
		{A92E1C60-490E-49B7-A6CF-A8167B97A4AA}.Release|x86.ActiveCfg = Release|Win32
		{A92E1C60-490E-49B7-A6CF-A8167B97A4AA}.Release|x86.Build.0 = Release|Win32
		{F8DF2F18-7F8B-42DC-9CA4-1B4FC200F453}.Debug|x64.ActiveCfg = Debug|x64
		{F8DF2F18-7F8B-42DC-9CA4-1B4FC200F453}.Debug|x64.Build.0 = Debug|x64
		{F8DF2F18-7F8B-42DC-9CA4-1B4FC200F453}.Debug|x86.ActiveCfg = Debug|Win32
		{F8DF2F18-7F8B-42DC-9CA4-1B4FC200F453}.Debug|x86.Build.0 = Debug|Win32
		{F8DF2F18-7F8B-42DC-9CA4-1B4FC200F453}.Release|x64.ActiveCfg = Release|x64
		{F8DF2F18-7F8B-42DC-9CA4-1B4FC200F453}.Release|x64.Build.0 = Release|x64
		{F8DF2F18-7F8B-42DC-9CA4-1B4FC200F453}.Release|x86.ActiveCfg = Release|Win32
		{F8DF2F18-7F8B-42DC-9CA4-1B4FC200F453}.Release|x86.Build.0 = Release|Win32
		{E9CD490C-F26F-476A-A797-37BD5E367818}.Debug|x64.ActiveCfg = Debug|x64
		{E9CD490C-F26F-476A-A797-37BD5E367818}.Debug|x64.Build.0 = Debug|x64
		{E9CD490C-F26F-476A-A797-37BD5E367818}.Debug|x86.ActiveCfg = Debug|Win32
		{E9CD490C-F26F-476A-A797-37BD5E367818}.Debug|x86.Build.0 = Debug|Win32
		{E9CD490C-F26F-476A-A797-37BD5E367818}.Release|x64.ActiveCfg = Release|x64
		{E9CD490C-F26F-476A-A797-37BD5E367818}.Release|x64.Build.0 = Release|x64
		{E9CD490C-F26F-476A-A797-37BD5E367818}.Release|x86.ActiveCfg = Release|Win32
		{E9CD490C-F26F-476A-A797-37BD5E367818}.Release|x86.Build.0 = Release|Win32
		{0C7F5A6C-1955-4BD0-99FC-047C3E38AB07}.Debug|x64.ActiveCfg = Debug|x64
		{0C7F5A6C-1955-4BD0-99FC-047C3E38AB07}.Debug|x64.Build.0 = Debug|x64
		{0C7F5A6C-1955-4BD0-99FC-047C3E38AB07}.Debug|x86.ActiveCfg = Debug|Win32
		{0C7F5A6C-1955-4BD0-99FC-047C3E38AB07}.Debug|x86.Build.0 = Debug|Win32
		{0C7F5A6C-1955-4BD0-99FC-047C3E38AB07}.Release|x64.ActiveCfg = Release|x64
		{0C7F5A6C-1955-4BD0-99FC-047C3E38AB07}.Release|x64.Build.0 = Release|x64
		{0C7F5A6C-1955-4BD0-99FC-047C3E38AB07}.Release|x86.ActiveCfg = Release|Win32
		{0C7F5A6C-1955-4BD0-99FC-047C3E38AB07}.Release|x86.Build.0 = Release|Win32
		{C56AF520-5F15-4A50-879D-9F92F779C44B}.Debug|x64.ActiveCfg = Debug|x64
		{C56AF520-5F15-4A50-879D-9F92F779C44B}.Debug|x64.Build.0 = Debug|x64
		{C56AF520-5F15-4A50-879D-9F92F779C44B}.Debug|x86.ActiveCfg = Debug|Win32
		{C56AF520-5F15-4A50-879D-9F92F779C44B}.Debug|x86.Build.0 = Debug|Win32
		{C56AF520-5F15-4A50-879D-9F92F779C44B}.Release|x64.ActiveCfg = Release|x64
		{C56AF520-5F15-4A50-879D-9F92F779C44B}.Release|x64.Build.0 = Release|x64
		{C56AF520-5F15-4A50-879D-9F92F779C44B}.Release|x86.ActiveCfg = Release|Win32
		{C56AF520-5F15-4A50-879D-9F92F779C44B}.Release|x86.Build.0 = Release|Win32
	EndGlobalSection
	GlobalSection(SolutionProperties) = preSolution
		HideSolutionNode = FALSE
	EndGlobalSection
	GlobalSection(ExtensibilityGlobals) = postSolution
		SolutionGuid = {ADE85182-D642-4F72-A67E-02C9200F255C}
	EndGlobalSection
EndGlobal
